{
  "name": "redact-secret-vault-python-wheel-smoke",
  "lockfileVersion": 3,
  "requires": true,
  "packages": {
    "": {
      "name": "redact-secret-vault-python-wheel-smoke",
      "dependencies": {
        "@redact-secret/core": "0.1.0-beta.14"
      }
    },
    "node_modules/@redact-secret/core": {
      "version": "0.1.0-beta.14",
      "resolved": "https://registry.npmjs.org/@redact-secret/core/-/core-0.1.0-beta.14.tgz",
      "integrity": "sha512-1h5NxUto2ZEqQD5hfIgbzwDZkmu6WXdlmtF0waG3FcKDhpCEoUphgj4B4VGRyhVhjJOFT58/TrER+3EL1bCnag==",
      "license": "MIT",
      "dependencies": {
        "@redact-secret/wasm": "0.1.0-beta.14"
      },
      "engines": {
        "node": "20.x || 22.x || 24.x"
      },
      "optionalDependencies": {
        "@redact-secret/node-darwin-arm64": "0.1.0-beta.14",
        "@redact-secret/node-darwin-x64": "0.1.0-beta.14",
        "@redact-secret/node-linux-arm64-gnu": "0.1.0-beta.14",
        "@redact-secret/node-linux-arm64-musl": "0.1.0-beta.14",
        "@redact-secret/node-linux-x64-gnu": "0.1.0-beta.14",
        "@redact-secret/node-linux-x64-musl": "0.1.0-beta.14",
        "@redact-secret/node-win32-arm64-msvc": "0.1.0-beta.14",
        "@redact-secret/node-win32-x64-msvc": "0.1.0-beta.14"
      }
    },
    "node_modules/@redact-secret/node-darwin-arm64": {
      "version": "0.1.0-beta.14",
      "resolved": "https://registry.npmjs.org/@redact-secret/node-darwin-arm64/-/node-darwin-arm64-0.1.0-beta.14.tgz",
      "integrity": "sha512-ARFG6EaEZwHGOCnaPqqtlF5BljxQ6sNAA74N7QU159EvVYCEZvg8gzSeDgt0kjJdJL+vlEjT1zWov+MoZV8KMA==",
      "cpu": [
        "arm64"
      ],
      "license": "MIT",
      "optional": true,
      "os": [
        "darwin"
      ],
      "engines": {
        "node": "20.x || 22.x || 24.x"
      }
    },
    "node_modules/@redact-secret/node-darwin-x64": {
      "version": "0.1.0-beta.14",
      "resolved": "https://registry.npmjs.org/@redact-secret/node-darwin-x64/-/node-darwin-x64-0.1.0-beta.14.tgz",
      "integrity": "sha512-xAiObLUcaFjPXJ07NRt/LcfjNUKUYCwEpf9lE2v3PfXY7xnkSBop9h06rLjEziR4XjPilb2pQeuuiO3PbzBNKA==",
      "cpu": [
        "x64"
      ],
      "license": "MIT",
      "optional": true,
      "os": [
        "darwin"
      ],
      "engines": {
        "node": "20.x || 22.x || 24.x"
      }
    },
    "node_modules/@redact-secret/node-linux-arm64-gnu": {
      "version": "0.1.0-beta.14",
      "resolved": "https://registry.npmjs.org/@redact-secret/node-linux-arm64-gnu/-/node-linux-arm64-gnu-0.1.0-beta.14.tgz",
      "integrity": "sha512-v1yP2VwFyP0o9qV32jECFId9jTvRjGTFyDpwn3wMCix+9iST7fSDhakEaEKJMifBCx/tfMy/1mXltF/pKPYdDA==",
      "cpu": [
        "arm64"
      ],
      "license": "MIT",
      "optional": true,
      "os": [
        "linux"
      ],
      "engines": {
        "node": "20.x || 22.x || 24.x"
      }
    },
    "node_modules/@redact-secret/node-linux-arm64-musl": {
      "version": "0.1.0-beta.14",
      "resolved": "https://registry.npmjs.org/@redact-secret/node-linux-arm64-musl/-/node-linux-arm64-musl-0.1.0-beta.14.tgz",
      "integrity": "sha512-R8Fp1QHyVIOH+qGKcfLZbmEP4gG3sLpIKkmuzfx1sjN23WEvUz3O4UYL9DXJpXYZPG4QWPZuxSewpmGYuw6f2A==",
      "cpu": [
        "arm64"
      ],
      "license": "MIT",
      "optional": true,
      "os": [
        "linux"
      ],
      "engines": {
        "node": "20.x || 22.x || 24.x"
      }
    },
    "node_modules/@redact-secret/node-linux-x64-gnu": {
      "version": "0.1.0-beta.14",
      "resolved": "https://registry.npmjs.org/@redact-secret/node-linux-x64-gnu/-/node-linux-x64-gnu-0.1.0-beta.14.tgz",
      "integrity": "sha512-LaNrvAeyzMgSlj7rXghK8LBUIDuCR5nDt7exXzyRgJRvP0jz3zeZGS4KSkbyQtrf90cyAs3VAb5ONMt5XVOwtA==",
      "cpu": [
        "x64"
      ],
      "license": "MIT",
      "optional": true,
      "os": [
        "linux"
      ],
      "engines": {
        "node": "20.x || 22.x || 24.x"
      }
    },
    "node_modules/@redact-secret/node-linux-x64-musl": {
      "version": "0.1.0-beta.14",
      "resolved": "https://registry.npmjs.org/@redact-secret/node-linux-x64-musl/-/node-linux-x64-musl-0.1.0-beta.14.tgz",
      "integrity": "sha512-DOvm796wqFx9aWL49ZCAmEaHymqxVMHbJudnmSxtrPY2kdWeTR4Hy+fTKZ8lODCTsbWfJoeMK6W55F2TcNC4HA==",
      "cpu": [
        "x64"
      ],
      "license": "MIT",
      "optional": true,
      "os": [
        "linux"
      ],
      "engines": {
        "node": "20.x || 22.x || 24.x"
      }
    },
    "node_modules/@redact-secret/node-win32-arm64-msvc": {
      "version": "0.1.0-beta.14",
      "resolved": "https://registry.npmjs.org/@redact-secret/node-win32-arm64-msvc/-/node-win32-arm64-msvc-0.1.0-beta.14.tgz",
      "integrity": "sha512-OoNSo5+AyT4s2Za9lmKhvp7qcCDOVd/DluuB02n7gmpg2Wf1TfSZCkDwvgK1RWUw92onghrKXKVWgDjMjZL2zw==",
      "cpu": [
        "arm64"
      ],
      "license": "MIT",
      "optional": true,
      "os": [
        "win32"
      ],
      "engines": {
        "node": "20.x || 22.x || 24.x"
      }
    },
    "node_modules/@redact-secret/node-win32-x64-msvc": {
      "version": "0.1.0-beta.14",
      "resolved": "https://registry.npmjs.org/@redact-secret/node-win32-x64-msvc/-/node-win32-x64-msvc-0.1.0-beta.14.tgz",
      "integrity": "sha512-L3y7yMRCtkZIfQkx44UdRLbPPGqN8xyO+RCYo903IMeaVmoBV+7wOS6bCghyzvj57D+EKDl4ORJq952dsFvcpA==",
      "cpu": [
        "x64"
      ],
      "license": "MIT",
      "optional": true,
      "os": [
        "win32"
      ],
      "engines": {
        "node": "20.x || 22.x || 24.x"
      }
    },
    "node_modules/@redact-secret/wasm": {
      "version": "0.1.0-beta.14",
      "resolved": "https://registry.npmjs.org/@redact-secret/wasm/-/wasm-0.1.0-beta.14.tgz",
      "integrity": "sha512-GbNKLcvEWVzojswaInd+sZgLRkYolAU6IeKNCYvUIIQWaPcrPuLcHitixBTqeS0IEHxWbFkI6RyfMBZyVTPrBQ==",
      "license": "MIT"
    }
  }
}
