# This file is automatically @generated by Cargo.
# It is not intended for manual editing.
version = 4

[[package]]
name = "anonymizer"
version = "0.1.0"

[[package]]
name = "redact-secret-restore"
version = "0.1.0"

[[package]]
name = "vault-interop-qualification"
version = "0.0.0"
dependencies = [
 "anonymizer",
 "redact-secret-restore",
]
